
Microsoft Visual Studio Solution File, Format Version 12.00
# Visual Studio 15
VisualStudioVersion = 15.0.28307.705
MinimumVisualStudioVersion = 10.0.40219.1
Project("{FAE04EC0-301F-11D3-BF4B-00C04F79EFBC}") = "NET-Warehouse", "NET-Warehouse\NET-Warehouse.csproj", "{9F6C59E7-87D1-4C9D-962F-35402EA493B6}"
EndProject
Global
	GlobalSection(SolutionConfigurationPlatforms) = preSolution
		Debug|Any CPU = Debug|Any CPU
		Release|Any CPU = Release|Any CPU
	EndGlobalSection
	GlobalSection(ProjectConfigurationPlatforms) = postSolution
		{9F6C59E7-87D1-4C9D-962F-35402EA493B6}.Debug|Any CPU.ActiveCfg = Debug|Any CPU
		{9F6C59E7-87D1-4C9D-962F-35402EA493B6}.Debug|Any CPU.Build.0 = Debug|Any CPU
		{9F6C59E7-87D1-4C9D-962F-35402EA493B6}.Release|Any CPU.ActiveCfg = Release|Any CPU
		{9F6C59E7-87D1-4C9D-962F-35402EA493B6}.Release|Any CPU.Build.0 = Release|Any CPU
	EndGlobalSection
	GlobalSection(SolutionProperties) = preSolution
		HideSolutionNode = FALSE
	EndGlobalSection
	GlobalSection(ExtensibilityGlobals) = postSolution
		SolutionGuid = {E3B01E87-7CC7-425B-945B-DEB3D25695ED}
	EndGlobalSection
EndGlobal
